{
  "version": 4,
  "terraform_version": "1.6.6",
  "serial": 6,
  "lineage": "084228e2-9757-0a34-ea2e-1cf0adb7e881",
  "outputs": {},
  "resources": [
    {
      "module": "module.gke_cluster",
      "mode": "managed",
      "type": "google_container_cluster",
      "name": "this",
      "provider": "module.gke_cluster.provider[\"registry.terraform.io/hashicorp/google\"]",
      "instances": [
        {
          "schema_version": 1,
          "attributes": {
            "addons_config": [
              {
                "cloudrun_config": [],
                "config_connector_config": [],
                "dns_cache_config": [],
                "gce_persistent_disk_csi_driver_config": [
                  {
                    "enabled": true
                  }
                ],
                "gcp_filestore_csi_driver_config": [],
                "gke_backup_agent_config": [],
                "horizontal_pod_autoscaling": [],
                "http_load_balancing": [],
                "network_policy_config": [
                  {
                    "disabled": true
                  }
                ]
              }
            ],
            "authenticator_groups_config": [],
            "binary_authorization": [
              {
                "enabled": false,
                "evaluation_mode": ""
              }
            ],
            "cluster_autoscaling": [
              {
                "auto_provisioning_defaults": [],
                "enabled": false,
                "resource_limits": []
              }
            ],
            "cluster_ipv4_cidr": "10.0.0.0/14",
            "confidential_nodes": [],
            "cost_management_config": [],
            "database_encryption": [
              {
                "key_name": "",
                "state": "DECRYPTED"
              }
            ],
            "datapath_provider": "",
            "default_max_pods_per_node": null,
            "default_snat_status": [
              {
                "disabled": false
              }
            ],
            "description": "",
            "dns_config": [],
            "enable_autopilot": false,
            "enable_binary_authorization": false,
            "enable_intranode_visibility": false,
            "enable_kubernetes_alpha": false,
            "enable_l4_ilb_subsetting": false,
            "enable_legacy_abac": false,
            "enable_shielded_nodes": true,
            "enable_tpu": false,
            "endpoint": "34.72.33.87",
            "gateway_api_config": [],
            "id": "projects/molten-kit-405213/locations/us-central1-c/clusters/main",
            "initial_node_count": 1,
            "ip_allocation_policy": [],
            "label_fingerprint": "a9dc16a7",
            "location": "us-central1-c",
            "logging_config": [
              {
                "enable_components": [
                  "SYSTEM_COMPONENTS",
                  "WORKLOADS"
                ]
              }
            ],
            "logging_service": "logging.googleapis.com/kubernetes",
            "maintenance_policy": [],
            "master_auth": [
              {
                "client_certificate": "",
                "client_certificate_config": [
                  {
                    "issue_client_certificate": false
                  }
                ],
                "client_key": "",
                "cluster_ca_certificate": "LS0tLS1CRUdJTiBDRVJUSUZJQ0FURS0tLS0tCk1JSUVMVENDQXBXZ0F3SUJBZ0lSQU9zS2loRDBmQXJTTTQxR2VURE1EQkV3RFFZSktvWklodmNOQVFFTEJRQXcKTHpFdE1Dc0dBMVVFQXhNa05tRm1Zamc0TlRjdFptSTNNaTAwTVdZekxUZzNaV010TnprME9UVmlOalV3WkRSbQpNQ0FYRFRJek1USXlOakE1TXpJek4xb1lEekl3TlRNeE1qRTRNVEF6TWpNM1dqQXZNUzB3S3dZRFZRUURFeVEyCllXWmlPRGcxTnkxbVlqY3lMVFF4WmpNdE9EZGxZeTAzT1RRNU5XSTJOVEJrTkdZd2dnR2lNQTBHQ1NxR1NJYjMKRFFFQkFRVUFBNElCandBd2dnR0tBb0lCZ1FDcEpFb0lWWG4xei96NnBOZGR3OXI4bWxSSHI5amdUYnJCMzNGegpTcWJuckwvV1ZmZUNCclMzTHdWa2VUWHYwckxBOU1ndlo2bUhVOUoxU2NkOWtLUTVURldOdW55ZDZvUkJBZkR6Ck52N1A3TVNvY0xCaTl4NFBzdnUwMEw1aEx3TTR5ZU1CSjRlUXZHSENKeHpJY2FsSlZtajdXWDQ1VmZDL2g5V0YKRVFoTkgxQnU0WnZrR2h6aVU1Q1F2WXBUbXNUcEZISEFnSTFSdnpVYWxGYmQ4bVh2WUszUFgvVFkrT01JZjdiSgpqT3hHOUVQbWxZUnZXQk1ETmlFeDJkWjVKOTh2N05kM2VXblBTVDhpVzZjWnRvRnV0eEFQa2dhdlR5UmkyNTdBClBtUityRWpVenNrSU00RTFFYkhSVHVsMkRLMkhZaFhVemhRK1R3c3oyenZrTVBtUVkwK3l0TDh0S0tZK3ZPakMKdjZjUXZBV0pmSGlRNG1zelF1VVNLVmNtUS9ORnZDd25zYzE1TlRlamhMalp5OGRnRWlEWHdJOGJGSWxHRXpYago1bG9oVktod0dFK1JGdjNOcWdzNVFEb2hudm9jOHFvaHJIRnh6MHRKQUI5MWFvbTNvbVpraGxnSE4wL0UwakgrCk9xVEgxazg4d0dERmQzVlVFRnI0K1RMZjI5a0NBd0VBQWFOQ01FQXdEZ1lEVlIwUEFRSC9CQVFEQWdJRU1BOEcKQTFVZEV3RUIvd1FGTUFNQkFmOHdIUVlEVlIwT0JCWUVGSEJJb3pEK3U5WC9XTlNGK2tVZ1RyRjZyS0MxTUEwRwpDU3FHU0liM0RRRUJDd1VBQTRJQmdRQ0xSNlc5c3h5ZEhvRjNOQURRbDVra2VwbGttcnRoemNSMmk5QUMvVGk0CkdMU0JQVGtSNHI2ZVFKd3ZNS3NMeXZFaTJRbmVWYS9lNndwY2tWTXpqc0VFQnVsTlQyNGEyV0Y5QUY4VkVyd0EKV1hmcUxJOU1saStjTU9ieTdFdVFsb01kZFBUcmZ3SERkZUxqeUM3SDlENldYNEJiL1FhN1J6bUdsaWpxekErNwpvSWZDZjhEcTR0RXRQc1JTSU5yaEEvTjAwUXNaUjlpZ1JUNjlhSjNwUGI4b1ZDT3BCNzZXSVpoY1NlNVQwU3QzCnhPdmJFbmszaHJMQzNCd1BOaEh0SFZJZmROb3Nlc3NkUng2V3c4Z3E0c3lrNjFaaDdPamk2VHROc2dVL3gybVIKMXdzVVJBd056SmlGUERMbnJFUDZFTStXRWI1eEN2cUdjL3VOTm40cFN3ZFpGTjNNRThlTXdHUmRTWGFpR2szSQpiSGlZWjFGWVAxMTVGUXQ0MEtuZkQzN3JxWjF2WmxseUNubzk3Nk9NZG16WVZ3dU55bzZ5ZGhQZFg3ajRjZFJDClgyZ3IvQkF5bFhoVFF3MUVTWXVLMkVjT2xhV2hJZ3A3ZmR4T2NEQkM2Q2hFUWlUOW9mZFJoc0orZ3dVSmNBWTkKNDN6bDF1aWRtZzhMTG9Vb0hJS091STg9Ci0tLS0tRU5EIENFUlRJRklDQVRFLS0tLS0K"
              }
            ],
            "master_authorized_networks_config": [],
            "master_version": "1.27.3-gke.100",
            "mesh_certificates": [],
            "min_master_version": null,
            "monitoring_config": [
              {
                "enable_components": [
                  "SYSTEM_COMPONENTS"
                ],
                "managed_prometheus": [
                  {
                    "enabled": true
                  }
                ]
              }
            ],
            "monitoring_service": "monitoring.googleapis.com/kubernetes",
            "name": "main",
            "network": "projects/molten-kit-405213/global/networks/default",
            "network_policy": [
              {
                "enabled": false,
                "provider": "PROVIDER_UNSPECIFIED"
              }
            ],
            "networking_mode": "ROUTES",
            "node_config": [],
            "node_locations": [],
            "node_pool": [],
            "node_pool_defaults": [
              {
                "node_config_defaults": [
                  {
                    "logging_variant": "DEFAULT"
                  }
                ]
              }
            ],
            "node_version": "1.27.3-gke.100",
            "notification_config": [
              {
                "pubsub": [
                  {
                    "enabled": false,
                    "filter": [],
                    "topic": ""
                  }
                ]
              }
            ],
            "operation": null,
            "private_cluster_config": [
              {
                "enable_private_endpoint": false,
                "enable_private_nodes": false,
                "master_global_access_config": [
                  {
                    "enabled": false
                  }
                ],
                "master_ipv4_cidr_block": "",
                "peering_name": "",
                "private_endpoint": "10.128.0.4",
                "private_endpoint_subnetwork": "",
                "public_endpoint": "34.72.33.87"
              }
            ],
            "private_ipv6_google_access": "",
            "project": "molten-kit-405213",
            "release_channel": [
              {
                "channel": "REGULAR"
              }
            ],
            "remove_default_node_pool": true,
            "resource_labels": null,
            "resource_usage_export_config": [],
            "self_link": "https://container.googleapis.com/v1/projects/molten-kit-405213/zones/us-central1-c/clusters/main",
            "service_external_ips_config": [
              {
                "enabled": false
              }
            ],
            "services_ipv4_cidr": "10.3.240.0/20",
            "subnetwork": "projects/molten-kit-405213/regions/us-central1/subnetworks/default",
            "timeouts": null,
            "tpu_ipv4_cidr_block": "",
            "vertical_pod_autoscaling": [],
            "workload_identity_config": [
              {
                "workload_pool": "molten-kit-405213.svc.id.goog"
              }
            ]
          },
          "sensitive_attributes": [],
          "private": "eyJlMmJmYjczMC1lY2FhLTExZTYtOGY4OC0zNDM2M2JjN2M0YzAiOnsiY3JlYXRlIjoyNDAwMDAwMDAwMDAwLCJkZWxldGUiOjI0MDAwMDAwMDAwMDAsInJlYWQiOjI0MDAwMDAwMDAwMDAsInVwZGF0ZSI6MzYwMDAwMDAwMDAwMH0sInNjaGVtYV92ZXJzaW9uIjoiMSJ9"
        }
      ]
    },
    {
      "module": "module.gke_cluster",
      "mode": "managed",
      "type": "google_container_node_pool",
      "name": "this",
      "provider": "module.gke_cluster.provider[\"registry.terraform.io/hashicorp/google\"]",
      "instances": [
        {
          "schema_version": 1,
          "attributes": {
            "autoscaling": [],
            "cluster": "main",
            "id": "projects/molten-kit-405213/locations/us-central1-c/clusters/main/nodePools/main",
            "initial_node_count": 2,
            "instance_group_urls": [
              "https://www.googleapis.com/compute/v1/projects/molten-kit-405213/zones/us-central1-c/instanceGroupManagers/gke-main-main-88241b43-grp"
            ],
            "location": "us-central1-c",
            "managed_instance_group_urls": [
              "https://www.googleapis.com/compute/v1/projects/molten-kit-405213/zones/us-central1-c/instanceGroups/gke-main-main-88241b43-grp"
            ],
            "management": [
              {
                "auto_repair": true,
                "auto_upgrade": true
              }
            ],
            "max_pods_per_node": null,
            "name": "main",
            "name_prefix": "",
            "network_config": [
              {
                "create_pod_range": false,
                "enable_private_nodes": false,
                "pod_ipv4_cidr_block": "",
                "pod_range": ""
              }
            ],
            "node_config": [
              {
                "boot_disk_kms_key": "",
                "disk_size_gb": 100,
                "disk_type": "pd-balanced",
                "gcfs_config": [],
                "guest_accelerator": [],
                "gvnic": [],
                "image_type": "COS_CONTAINERD",
                "kubelet_config": [],
                "labels": {},
                "linux_node_config": [],
                "local_ssd_count": 0,
                "logging_variant": "DEFAULT",
                "machine_type": "g1-small",
                "metadata": {
                  "disable-legacy-endpoints": "true"
                },
                "min_cpu_platform": "",
                "node_group": "",
                "oauth_scopes": [
                  "https://www.googleapis.com/auth/devstorage.read_only",
                  "https://www.googleapis.com/auth/logging.write",
                  "https://www.googleapis.com/auth/monitoring",
                  "https://www.googleapis.com/auth/service.management.readonly",
                  "https://www.googleapis.com/auth/servicecontrol",
                  "https://www.googleapis.com/auth/trace.append"
                ],
                "preemptible": false,
                "reservation_affinity": [],
                "resource_labels": null,
                "service_account": "default",
                "shielded_instance_config": [
                  {
                    "enable_integrity_monitoring": true,
                    "enable_secure_boot": false
                  }
                ],
                "spot": false,
                "tags": null,
                "taint": [],
                "workload_metadata_config": [
                  {
                    "mode": "GKE_METADATA"
                  }
                ]
              }
            ],
            "node_count": 2,
            "node_locations": [
              "us-central1-c"
            ],
            "operation": null,
            "placement_policy": [],
            "project": "molten-kit-405213",
            "timeouts": null,
            "upgrade_settings": [
              {
                "blue_green_settings": [],
                "max_surge": 1,
                "max_unavailable": 0,
                "strategy": "SURGE"
              }
            ],
            "version": "1.27.3-gke.100"
          },
          "sensitive_attributes": [],
          "private": "eyJlMmJmYjczMC1lY2FhLTExZTYtOGY4OC0zNDM2M2JjN2M0YzAiOnsiY3JlYXRlIjoxODAwMDAwMDAwMDAwLCJkZWxldGUiOjE4MDAwMDAwMDAwMDAsInVwZGF0ZSI6MTgwMDAwMDAwMDAwMH0sInNjaGVtYV92ZXJzaW9uIjoiMSJ9",
          "dependencies": [
            "module.gke_cluster.google_container_cluster.this"
          ]
        }
      ]
    },
    {
      "module": "module.gke_cluster",
      "mode": "managed",
      "type": "local_file",
      "name": "kubeconfig",
      "provider": "provider[\"registry.terraform.io/hashicorp/local\"]",
      "instances": [
        {
          "schema_version": 0,
          "attributes": {
            "content": "apiVersion: v1\nclusters:\n- cluster:\n    certificate-authority-data: LS0tLS1CRUdJTiBDRVJUSUZJQ0FURS0tLS0tCk1JSUVMVENDQXBXZ0F3SUJBZ0lSQU9zS2loRDBmQXJTTTQxR2VURE1EQkV3RFFZSktvWklodmNOQVFFTEJRQXcKTHpFdE1Dc0dBMVVFQXhNa05tRm1Zamc0TlRjdFptSTNNaTAwTVdZekxUZzNaV010TnprME9UVmlOalV3WkRSbQpNQ0FYRFRJek1USXlOakE1TXpJek4xb1lEekl3TlRNeE1qRTRNVEF6TWpNM1dqQXZNUzB3S3dZRFZRUURFeVEyCllXWmlPRGcxTnkxbVlqY3lMVFF4WmpNdE9EZGxZeTAzT1RRNU5XSTJOVEJrTkdZd2dnR2lNQTBHQ1NxR1NJYjMKRFFFQkFRVUFBNElCandBd2dnR0tBb0lCZ1FDcEpFb0lWWG4xei96NnBOZGR3OXI4bWxSSHI5amdUYnJCMzNGegpTcWJuckwvV1ZmZUNCclMzTHdWa2VUWHYwckxBOU1ndlo2bUhVOUoxU2NkOWtLUTVURldOdW55ZDZvUkJBZkR6Ck52N1A3TVNvY0xCaTl4NFBzdnUwMEw1aEx3TTR5ZU1CSjRlUXZHSENKeHpJY2FsSlZtajdXWDQ1VmZDL2g5V0YKRVFoTkgxQnU0WnZrR2h6aVU1Q1F2WXBUbXNUcEZISEFnSTFSdnpVYWxGYmQ4bVh2WUszUFgvVFkrT01JZjdiSgpqT3hHOUVQbWxZUnZXQk1ETmlFeDJkWjVKOTh2N05kM2VXblBTVDhpVzZjWnRvRnV0eEFQa2dhdlR5UmkyNTdBClBtUityRWpVenNrSU00RTFFYkhSVHVsMkRLMkhZaFhVemhRK1R3c3oyenZrTVBtUVkwK3l0TDh0S0tZK3ZPakMKdjZjUXZBV0pmSGlRNG1zelF1VVNLVmNtUS9ORnZDd25zYzE1TlRlamhMalp5OGRnRWlEWHdJOGJGSWxHRXpYago1bG9oVktod0dFK1JGdjNOcWdzNVFEb2hudm9jOHFvaHJIRnh6MHRKQUI5MWFvbTNvbVpraGxnSE4wL0UwakgrCk9xVEgxazg4d0dERmQzVlVFRnI0K1RMZjI5a0NBd0VBQWFOQ01FQXdEZ1lEVlIwUEFRSC9CQVFEQWdJRU1BOEcKQTFVZEV3RUIvd1FGTUFNQkFmOHdIUVlEVlIwT0JCWUVGSEJJb3pEK3U5WC9XTlNGK2tVZ1RyRjZyS0MxTUEwRwpDU3FHU0liM0RRRUJDd1VBQTRJQmdRQ0xSNlc5c3h5ZEhvRjNOQURRbDVra2VwbGttcnRoemNSMmk5QUMvVGk0CkdMU0JQVGtSNHI2ZVFKd3ZNS3NMeXZFaTJRbmVWYS9lNndwY2tWTXpqc0VFQnVsTlQyNGEyV0Y5QUY4VkVyd0EKV1hmcUxJOU1saStjTU9ieTdFdVFsb01kZFBUcmZ3SERkZUxqeUM3SDlENldYNEJiL1FhN1J6bUdsaWpxekErNwpvSWZDZjhEcTR0RXRQc1JTSU5yaEEvTjAwUXNaUjlpZ1JUNjlhSjNwUGI4b1ZDT3BCNzZXSVpoY1NlNVQwU3QzCnhPdmJFbmszaHJMQzNCd1BOaEh0SFZJZmROb3Nlc3NkUng2V3c4Z3E0c3lrNjFaaDdPamk2VHROc2dVL3gybVIKMXdzVVJBd056SmlGUERMbnJFUDZFTStXRWI1eEN2cUdjL3VOTm40cFN3ZFpGTjNNRThlTXdHUmRTWGFpR2szSQpiSGlZWjFGWVAxMTVGUXQ0MEtuZkQzN3JxWjF2WmxseUNubzk3Nk9NZG16WVZ3dU55bzZ5ZGhQZFg3ajRjZFJDClgyZ3IvQkF5bFhoVFF3MUVTWXVLMkVjT2xhV2hJZ3A3ZmR4T2NEQkM2Q2hFUWlUOW9mZFJoc0orZ3dVSmNBWTkKNDN6bDF1aWRtZzhMTG9Vb0hJS091STg9Ci0tLS0tRU5EIENFUlRJRklDQVRFLS0tLS0K\n    server: https://34.72.33.87\n  name: main\ncontexts:\n- context:\n    cluster: main\n    user: main\n  name: main\ncurrent-context: main\nkind: Config\npreferences: {}\nusers:\n- name: main\n  user:\n    token: ya29.a0AfB_byBXSmdbJ_I3WPKlR9DYh2bk3BwzgBh5RVayJI9JAnldlI53f9dXyg_pjk9f4H8RE7jh2ojU-hOQmVpLIf7NyX3Sr6UMQ-_aVnhlDUgg9cETNPBcdWUiifx0bB4TOuZVo134HPhUuNqEgBBFGN4hbTFrieNnuhRBh-5K-9_gwc43YdQCn8jNQnxRno1p3fQL6NCgEUuCtMmULK-Jc8T8VG13U0lxgRP8bfkoh1VOo0q3aCeGMQvtZ32vyJ0UlFR0RBDgSa33LpGOei5VGQYXTSiI7G-8Mydoovj2Sq7ka7JLF_pKfTJpELsxZQSC-OOpiKSt9xJgo0UdQ6pgJ5Q012L2CdiYt4UVvjElawxsKa-gfJZTy2WfEueaBolLUiZWpPXrg8NUawcgl4Sm-EOTApVbi0UaCgYKAdESARESFQHGX2MiC89LBVWuwggVa5wrU24UNw0422\n",
            "content_base64": null,
            "content_base64sha256": "jFwmDagfvlTN5KygbEcMi4brsxRdKXBN1YH2v3tPOdg=",
            "content_base64sha512": "jNkRGAE0egGoDT4Nsbnb7eHs5OTDVBmv15kzQCRfjO7rHirh1EIMOgwLmPrnHCv7YB8Yj5y/NM59DoMXBWrPpw==",
            "content_md5": "03352662c85ff2ec4873fb53a979fe2c",
            "content_sha1": "21202a478f5d38d70db74d208118b6b0a3ff7c4c",
            "content_sha256": "8c5c260da81fbe54cde4aca06c470c8b86ebb3145d29704dd581f6bf7b4f39d8",
            "content_sha512": "8cd9111801347a01a80d3e0db1b9dbede1ece4e4c35419afd7993340245f8ceeeb1e2ae1d4420c3a0c0b98fae71c2bfb601f188f9cbf34ce7d0e8317056acfa7",
            "directory_permission": "0777",
            "file_permission": "0400",
            "filename": ".terraform/modules/gke_cluster/kubeconfig",
            "id": "21202a478f5d38d70db74d208118b6b0a3ff7c4c",
            "sensitive_content": null,
            "source": null
          },
          "sensitive_attributes": [
            [
              {
                "type": "get_attr",
                "value": "content"
              }
            ]
          ],
          "dependencies": [
            "module.gke_cluster.google_container_cluster.this",
            "module.gke_cluster.module.gke_auth.data.google_client_config.provider",
            "module.gke_cluster.module.gke_auth.data.google_container_cluster.gke_cluster"
          ]
        }
      ]
    },
    {
      "module": "module.gke_cluster.module.gke_auth",
      "mode": "data",
      "type": "google_client_config",
      "name": "provider",
      "provider": "module.gke_cluster.provider[\"registry.terraform.io/hashicorp/google\"]",
      "instances": [
        {
          "schema_version": 0,
          "attributes": {
            "access_token": "ya29.a0AfB_byBXSmdbJ_I3WPKlR9DYh2bk3BwzgBh5RVayJI9JAnldlI53f9dXyg_pjk9f4H8RE7jh2ojU-hOQmVpLIf7NyX3Sr6UMQ-_aVnhlDUgg9cETNPBcdWUiifx0bB4TOuZVo134HPhUuNqEgBBFGN4hbTFrieNnuhRBh-5K-9_gwc43YdQCn8jNQnxRno1p3fQL6NCgEUuCtMmULK-Jc8T8VG13U0lxgRP8bfkoh1VOo0q3aCeGMQvtZ32vyJ0UlFR0RBDgSa33LpGOei5VGQYXTSiI7G-8Mydoovj2Sq7ka7JLF_pKfTJpELsxZQSC-OOpiKSt9xJgo0UdQ6pgJ5Q012L2CdiYt4UVvjElawxsKa-gfJZTy2WfEueaBolLUiZWpPXrg8NUawcgl4Sm-EOTApVbi0UaCgYKAdESARESFQHGX2MiC89LBVWuwggVa5wrU24UNw0422",
            "id": "projects/molten-kit-405213/regions/us-central1-c/zones/",
            "project": "molten-kit-405213",
            "region": "us-central1-c",
            "zone": ""
          },
          "sensitive_attributes": []
        }
      ]
    },
    {
      "module": "module.gke_cluster.module.gke_auth",
      "mode": "data",
      "type": "google_container_cluster",
      "name": "gke_cluster",
      "provider": "module.gke_cluster.provider[\"registry.terraform.io/hashicorp/google\"]",
      "instances": [
        {
          "schema_version": 0,
          "attributes": {
            "addons_config": [
              {
                "cloudrun_config": [],
                "config_connector_config": [],
                "dns_cache_config": [],
                "gce_persistent_disk_csi_driver_config": [
                  {
                    "enabled": true
                  }
                ],
                "gcp_filestore_csi_driver_config": [],
                "gke_backup_agent_config": [],
                "horizontal_pod_autoscaling": [],
                "http_load_balancing": [],
                "network_policy_config": [
                  {
                    "disabled": true
                  }
                ]
              }
            ],
            "authenticator_groups_config": [],
            "binary_authorization": [
              {
                "enabled": false,
                "evaluation_mode": ""
              }
            ],
            "cluster_autoscaling": [
              {
                "auto_provisioning_defaults": [],
                "enabled": false,
                "resource_limits": []
              }
            ],
            "cluster_ipv4_cidr": "10.0.0.0/14",
            "confidential_nodes": [],
            "cost_management_config": [],
            "database_encryption": [
              {
                "key_name": "",
                "state": "DECRYPTED"
              }
            ],
            "datapath_provider": "",
            "default_max_pods_per_node": null,
            "default_snat_status": [
              {
                "disabled": false
              }
            ],
            "description": "",
            "dns_config": [],
            "enable_autopilot": false,
            "enable_binary_authorization": false,
            "enable_intranode_visibility": false,
            "enable_kubernetes_alpha": false,
            "enable_l4_ilb_subsetting": false,
            "enable_legacy_abac": false,
            "enable_shielded_nodes": true,
            "enable_tpu": false,
            "endpoint": "34.72.33.87",
            "gateway_api_config": [],
            "id": "projects/molten-kit-405213/locations/us-central1-c/clusters/main",
            "initial_node_count": 1,
            "ip_allocation_policy": [],
            "label_fingerprint": "a9dc16a7",
            "location": "us-central1-c",
            "logging_config": [
              {
                "enable_components": [
                  "SYSTEM_COMPONENTS",
                  "WORKLOADS"
                ]
              }
            ],
            "logging_service": "logging.googleapis.com/kubernetes",
            "maintenance_policy": [],
            "master_auth": [
              {
                "client_certificate": "",
                "client_certificate_config": [
                  {
                    "issue_client_certificate": false
                  }
                ],
                "client_key": "",
                "cluster_ca_certificate": "LS0tLS1CRUdJTiBDRVJUSUZJQ0FURS0tLS0tCk1JSUVMVENDQXBXZ0F3SUJBZ0lSQU9zS2loRDBmQXJTTTQxR2VURE1EQkV3RFFZSktvWklodmNOQVFFTEJRQXcKTHpFdE1Dc0dBMVVFQXhNa05tRm1Zamc0TlRjdFptSTNNaTAwTVdZekxUZzNaV010TnprME9UVmlOalV3WkRSbQpNQ0FYRFRJek1USXlOakE1TXpJek4xb1lEekl3TlRNeE1qRTRNVEF6TWpNM1dqQXZNUzB3S3dZRFZRUURFeVEyCllXWmlPRGcxTnkxbVlqY3lMVFF4WmpNdE9EZGxZeTAzT1RRNU5XSTJOVEJrTkdZd2dnR2lNQTBHQ1NxR1NJYjMKRFFFQkFRVUFBNElCandBd2dnR0tBb0lCZ1FDcEpFb0lWWG4xei96NnBOZGR3OXI4bWxSSHI5amdUYnJCMzNGegpTcWJuckwvV1ZmZUNCclMzTHdWa2VUWHYwckxBOU1ndlo2bUhVOUoxU2NkOWtLUTVURldOdW55ZDZvUkJBZkR6Ck52N1A3TVNvY0xCaTl4NFBzdnUwMEw1aEx3TTR5ZU1CSjRlUXZHSENKeHpJY2FsSlZtajdXWDQ1VmZDL2g5V0YKRVFoTkgxQnU0WnZrR2h6aVU1Q1F2WXBUbXNUcEZISEFnSTFSdnpVYWxGYmQ4bVh2WUszUFgvVFkrT01JZjdiSgpqT3hHOUVQbWxZUnZXQk1ETmlFeDJkWjVKOTh2N05kM2VXblBTVDhpVzZjWnRvRnV0eEFQa2dhdlR5UmkyNTdBClBtUityRWpVenNrSU00RTFFYkhSVHVsMkRLMkhZaFhVemhRK1R3c3oyenZrTVBtUVkwK3l0TDh0S0tZK3ZPakMKdjZjUXZBV0pmSGlRNG1zelF1VVNLVmNtUS9ORnZDd25zYzE1TlRlamhMalp5OGRnRWlEWHdJOGJGSWxHRXpYago1bG9oVktod0dFK1JGdjNOcWdzNVFEb2hudm9jOHFvaHJIRnh6MHRKQUI5MWFvbTNvbVpraGxnSE4wL0UwakgrCk9xVEgxazg4d0dERmQzVlVFRnI0K1RMZjI5a0NBd0VBQWFOQ01FQXdEZ1lEVlIwUEFRSC9CQVFEQWdJRU1BOEcKQTFVZEV3RUIvd1FGTUFNQkFmOHdIUVlEVlIwT0JCWUVGSEJJb3pEK3U5WC9XTlNGK2tVZ1RyRjZyS0MxTUEwRwpDU3FHU0liM0RRRUJDd1VBQTRJQmdRQ0xSNlc5c3h5ZEhvRjNOQURRbDVra2VwbGttcnRoemNSMmk5QUMvVGk0CkdMU0JQVGtSNHI2ZVFKd3ZNS3NMeXZFaTJRbmVWYS9lNndwY2tWTXpqc0VFQnVsTlQyNGEyV0Y5QUY4VkVyd0EKV1hmcUxJOU1saStjTU9ieTdFdVFsb01kZFBUcmZ3SERkZUxqeUM3SDlENldYNEJiL1FhN1J6bUdsaWpxekErNwpvSWZDZjhEcTR0RXRQc1JTSU5yaEEvTjAwUXNaUjlpZ1JUNjlhSjNwUGI4b1ZDT3BCNzZXSVpoY1NlNVQwU3QzCnhPdmJFbmszaHJMQzNCd1BOaEh0SFZJZmROb3Nlc3NkUng2V3c4Z3E0c3lrNjFaaDdPamk2VHROc2dVL3gybVIKMXdzVVJBd056SmlGUERMbnJFUDZFTStXRWI1eEN2cUdjL3VOTm40cFN3ZFpGTjNNRThlTXdHUmRTWGFpR2szSQpiSGlZWjFGWVAxMTVGUXQ0MEtuZkQzN3JxWjF2WmxseUNubzk3Nk9NZG16WVZ3dU55bzZ5ZGhQZFg3ajRjZFJDClgyZ3IvQkF5bFhoVFF3MUVTWXVLMkVjT2xhV2hJZ3A3ZmR4T2NEQkM2Q2hFUWlUOW9mZFJoc0orZ3dVSmNBWTkKNDN6bDF1aWRtZzhMTG9Vb0hJS091STg9Ci0tLS0tRU5EIENFUlRJRklDQVRFLS0tLS0K"
              }
            ],
            "master_authorized_networks_config": [],
            "master_version": "1.27.3-gke.100",
            "mesh_certificates": [],
            "min_master_version": null,
            "monitoring_config": [
              {
                "enable_components": [
                  "SYSTEM_COMPONENTS"
                ],
                "managed_prometheus": [
                  {
                    "enabled": true
                  }
                ]
              }
            ],
            "monitoring_service": "monitoring.googleapis.com/kubernetes",
            "name": "main",
            "network": "projects/molten-kit-405213/global/networks/default",
            "network_policy": [
              {
                "enabled": false,
                "provider": "PROVIDER_UNSPECIFIED"
              }
            ],
            "networking_mode": "ROUTES",
            "node_config": [],
            "node_locations": [],
            "node_pool": [],
            "node_pool_defaults": [
              {
                "node_config_defaults": [
                  {
                    "logging_variant": "DEFAULT"
                  }
                ]
              }
            ],
            "node_version": "1.27.3-gke.100",
            "notification_config": [
              {
                "pubsub": [
                  {
                    "enabled": false,
                    "filter": [],
                    "topic": ""
                  }
                ]
              }
            ],
            "operation": null,
            "private_cluster_config": [
              {
                "enable_private_endpoint": false,
                "enable_private_nodes": false,
                "master_global_access_config": [
                  {
                    "enabled": false
                  }
                ],
                "master_ipv4_cidr_block": "",
                "peering_name": "",
                "private_endpoint": "10.128.0.4",
                "private_endpoint_subnetwork": "",
                "public_endpoint": "34.72.33.87"
              }
            ],
            "private_ipv6_google_access": "",
            "project": "molten-kit-405213",
            "release_channel": [
              {
                "channel": "REGULAR"
              }
            ],
            "remove_default_node_pool": null,
            "resource_labels": {},
            "resource_usage_export_config": [],
            "self_link": "https://container.googleapis.com/v1/projects/molten-kit-405213/zones/us-central1-c/clusters/main",
            "service_external_ips_config": [
              {
                "enabled": false
              }
            ],
            "services_ipv4_cidr": "10.3.240.0/20",
            "subnetwork": "projects/molten-kit-405213/regions/us-central1/subnetworks/default",
            "tpu_ipv4_cidr_block": "",
            "vertical_pod_autoscaling": [],
            "workload_identity_config": [
              {
                "workload_pool": "molten-kit-405213.svc.id.goog"
              }
            ]
          },
          "sensitive_attributes": []
        }
      ]
    }
  ],
  "check_results": null
}
