{
  "version": 4,
  "terraform_version": "1.6.6",
  "serial": 15,
  "lineage": "8b641704-0f14-8131-c7c0-512f9222d193",
  "outputs": {},
  "resources": [
    {
      "module": "module.github_repository",
      "mode": "managed",
      "type": "github_repository",
      "name": "this",
      "provider": "module.github_repository.provider[\"registry.terraform.io/integrations/github\"]",
      "instances": [
        {
          "schema_version": 1,
          "attributes": {
            "allow_auto_merge": false,
            "allow_merge_commit": true,
            "allow_rebase_merge": true,
            "allow_squash_merge": true,
            "allow_update_branch": false,
            "archive_on_destroy": null,
            "archived": false,
            "auto_init": true,
            "default_branch": "main",
            "delete_branch_on_merge": false,
            "description": "",
            "etag": "W/\"9bff253bb12459bb09aac1a33bcf9f7ec1f262e50cd5f8960fbe86daf29e19a2\"",
            "full_name": "albiorixUA/flux-gitops",
            "git_clone_url": "git://github.com/albiorixUA/flux-gitops.git",
            "gitignore_template": null,
            "has_discussions": false,
            "has_downloads": false,
            "has_issues": false,
            "has_projects": false,
            "has_wiki": false,
            "homepage_url": "",
            "html_url": "https://github.com/albiorixUA/flux-gitops",
            "http_clone_url": "https://github.com/albiorixUA/flux-gitops.git",
            "id": "flux-gitops",
            "ignore_vulnerability_alerts_during_read": null,
            "is_template": false,
            "license_template": null,
            "merge_commit_message": "PR_TITLE",
            "merge_commit_title": "MERGE_MESSAGE",
            "name": "flux-gitops",
            "node_id": "R_kgDOLBvFuw",
            "pages": [],
            "primary_language": "",
            "private": true,
            "repo_id": 740017595,
            "security_and_analysis": [],
            "squash_merge_commit_message": "COMMIT_MESSAGES",
            "squash_merge_commit_title": "COMMIT_OR_PR_TITLE",
            "ssh_clone_url": "git@github.com:albiorixUA/flux-gitops.git",
            "svn_url": "https://github.com/albiorixUA/flux-gitops",
            "template": [],
            "topics": [],
            "visibility": "private",
            "vulnerability_alerts": false,
            "web_commit_signoff_required": false
          },
          "sensitive_attributes": [],
          "private": "eyJzY2hlbWFfdmVyc2lvbiI6IjEifQ=="
        }
      ]
    },
    {
      "module": "module.gke_cluster",
      "mode": "managed",
      "type": "google_container_cluster",
      "name": "this",
      "provider": "module.gke_cluster.provider[\"registry.terraform.io/hashicorp/google\"]",
      "instances": [
        {
          "schema_version": 1,
          "attributes": {
            "addons_config": [
              {
                "cloudrun_config": [],
                "config_connector_config": [],
                "dns_cache_config": [],
                "gce_persistent_disk_csi_driver_config": [
                  {
                    "enabled": true
                  }
                ],
                "gcp_filestore_csi_driver_config": [],
                "gke_backup_agent_config": [],
                "horizontal_pod_autoscaling": [],
                "http_load_balancing": [],
                "network_policy_config": [
                  {
                    "disabled": true
                  }
                ]
              }
            ],
            "authenticator_groups_config": [],
            "binary_authorization": [
              {
                "enabled": false,
                "evaluation_mode": ""
              }
            ],
            "cluster_autoscaling": [
              {
                "auto_provisioning_defaults": [],
                "enabled": false,
                "resource_limits": []
              }
            ],
            "cluster_ipv4_cidr": "10.0.0.0/14",
            "confidential_nodes": [],
            "cost_management_config": [],
            "database_encryption": [
              {
                "key_name": "",
                "state": "DECRYPTED"
              }
            ],
            "datapath_provider": "",
            "default_max_pods_per_node": null,
            "default_snat_status": [
              {
                "disabled": false
              }
            ],
            "description": "",
            "dns_config": [],
            "enable_autopilot": false,
            "enable_binary_authorization": false,
            "enable_intranode_visibility": false,
            "enable_kubernetes_alpha": false,
            "enable_l4_ilb_subsetting": false,
            "enable_legacy_abac": false,
            "enable_shielded_nodes": true,
            "enable_tpu": false,
            "endpoint": "34.67.39.205",
            "gateway_api_config": [],
            "id": "projects/molten-kit-405213/locations/us-central1-c/clusters/main",
            "initial_node_count": 1,
            "ip_allocation_policy": [],
            "label_fingerprint": "a9dc16a7",
            "location": "us-central1-c",
            "logging_config": [
              {
                "enable_components": [
                  "SYSTEM_COMPONENTS",
                  "WORKLOADS"
                ]
              }
            ],
            "logging_service": "logging.googleapis.com/kubernetes",
            "maintenance_policy": [],
            "master_auth": [
              {
                "client_certificate": "",
                "client_certificate_config": [
                  {
                    "issue_client_certificate": false
                  }
                ],
                "client_key": "",
                "cluster_ca_certificate": "LS0tLS1CRUdJTiBDRVJUSUZJQ0FURS0tLS0tCk1JSUVMRENDQXBTZ0F3SUJBZ0lRTjVWTEZSc2xHcmUvdjc1ZkRxWGdZekFOQmdrcWhraUc5dzBCQVFzRkFEQXYKTVMwd0t3WURWUVFERXlRek5XSTVZakF3TVMxaVpHTXpMVFJrTkRNdE9XVm1PQzFsTkRjMU56RTFaR0kxT0RFdwpJQmNOTWpRd01UQTNNRGd3T1RBeVdoZ1BNakExTXpFeU16QXdPVEE1TURKYU1DOHhMVEFyQmdOVkJBTVRKRE0xCllqbGlNREF4TFdKa1l6TXROR1EwTXkwNVpXWTRMV1UwTnpVM01UVmtZalU0TVRDQ0FhSXdEUVlKS29aSWh2Y04KQVFFQkJRQURnZ0dQQURDQ0FZb0NnZ0dCQUtOQkQ2UFRRQjIrVmRiMUQ3VFFXR1JnT1Z2QVJsTGFKL0VvZ25sWQpJTTJpM0ZOVDdGT2lZT1AyZmg5L2syV1hHSURQSERLYy94cElScktDdElMVWdFNkhDb3lFUTMvaVQyZW1PdzJpCkVqY3Fhci95Q1F2OXF3RXhITThtQkhGUVFxUWNRWXpEd255aGozZTU1MC9EY2hPUzVtT3BzbkZLUW02SUxWZUMKVHJZcU5FZHU5TFMvTldjREZtK1V4eU1UaVBlT1hyeXdvcldnc0NCaDJxU2NFVlBlem1vcFhaZGNjYXRCczhnQwpLM1dvMjJkVkJsOWdEWWtxaGhhUFNmU2xKaENBdWxQOTA2ZFdUbVhOaXR1cEpzUnBDYXdRcjd4VWNlN085SlpnCkcwNXNLdTBhejNkQ0laYzlpb2wrRjIzSlAxOXZhejJac3l6T00yd3M5TFNuZ3BZcEl1WHU4TnRUU09nV0ZTaTIKeDVqZ0FCZlN1YURsaGRwQklieTkzMXRxRllnQ0lMckdkODZ5dWVmSFAyK0xDcVREVDJ6L2dmNDFCVWI3dzF2NwpVSlMxcDUvQWpZRFV1cTNudW43V3VSOHRBVnVFNDErVjFmcnkrMlpac2RYWXNFcGN2M2ZYdTVSbU50RndoWi9rCmUxemdpUlJrWk9wNm1ERWFWR2tZMmYwT3l3SURBUUFCbzBJd1FEQU9CZ05WSFE4QkFmOEVCQU1DQWdRd0R3WUQKVlIwVEFRSC9CQVV3QXdFQi96QWRCZ05WSFE0RUZnUVU0SkZNN2pzb2M2YU9SKzJ6anUvQzQyQjZFemd3RFFZSgpLb1pJaHZjTkFRRUxCUUFEZ2dHQkFDRDNEQlByd204SFJvRUltZTZWWTRqMjFOTDFmT3Vwd3A1OWhtdFRyT3dtCkxjTXovVlhYYmF0d2ZrZXVucnBmSlkrR0t4R2tWVkIxK2tlNzQ0enhkbXQwMDJ1aUhHREV6T2g3M3paNHdpNlIKeDdGNEV2bGI3OElueDNEL1oxZDN1TUsrK2RyTjFvZVc1UTR4YVV3T25tU3o1ZVNoa3NLMWV4WWRBOHZkbnE4VQpZRkdyZDdla2QxRW43M1VJQVUrVlYrOGRuSk03SzdaNkhTNkkydUg3ZGtydHREZ0VVa2x2ZFVCeDdiWHJUT1NvCldDVzFVSXNxM3R2dHUyN0FUS3ZLZ2hiYTBkcmdkNWcrVDkrRDU5L2hVcjV6S0xIQVFPcTdIUklvSW8yZlhNc08KT1FLYlAzd3IwSzhrc1ZTVm15L0F0enRWYVhwRU4vVVJuNVZ3RDV2U3l5TXhPMDRCVjJRZnZSTjRhUDR2WFU1WApFR2l1eTJ0TVlVOHU1bDFuQkw1VkJibFZsbVZ5OUJJMHliVjhEbUc5c3Z6eE1jVmFveHcrT3A5S3dIbmhQM2FiCk5NN2VqZ0ErTjJxemY0Vm44c3ZHTTFLZEVKaFFTUDZlbitYOWt6RStwZktOU09FblVjQVlxcnJ0RjM0MFdRcjgKTmxIV2k1T3crK3FpWUdpNlh3Z2hRdz09Ci0tLS0tRU5EIENFUlRJRklDQVRFLS0tLS0K"
              }
            ],
            "master_authorized_networks_config": [],
            "master_version": "1.27.3-gke.100",
            "mesh_certificates": [],
            "min_master_version": null,
            "monitoring_config": [
              {
                "enable_components": [
                  "SYSTEM_COMPONENTS"
                ],
                "managed_prometheus": [
                  {
                    "enabled": true
                  }
                ]
              }
            ],
            "monitoring_service": "monitoring.googleapis.com/kubernetes",
            "name": "main",
            "network": "projects/molten-kit-405213/global/networks/default",
            "network_policy": [
              {
                "enabled": false,
                "provider": "PROVIDER_UNSPECIFIED"
              }
            ],
            "networking_mode": "ROUTES",
            "node_config": [],
            "node_locations": [],
            "node_pool": [],
            "node_pool_defaults": [
              {
                "node_config_defaults": [
                  {
                    "logging_variant": "DEFAULT"
                  }
                ]
              }
            ],
            "node_version": "1.27.3-gke.100",
            "notification_config": [
              {
                "pubsub": [
                  {
                    "enabled": false,
                    "filter": [],
                    "topic": ""
                  }
                ]
              }
            ],
            "operation": null,
            "private_cluster_config": [
              {
                "enable_private_endpoint": false,
                "enable_private_nodes": false,
                "master_global_access_config": [
                  {
                    "enabled": false
                  }
                ],
                "master_ipv4_cidr_block": "",
                "peering_name": "",
                "private_endpoint": "10.128.0.22",
                "private_endpoint_subnetwork": "",
                "public_endpoint": "34.67.39.205"
              }
            ],
            "private_ipv6_google_access": "",
            "project": "molten-kit-405213",
            "release_channel": [
              {
                "channel": "REGULAR"
              }
            ],
            "remove_default_node_pool": true,
            "resource_labels": null,
            "resource_usage_export_config": [],
            "self_link": "https://container.googleapis.com/v1/projects/molten-kit-405213/zones/us-central1-c/clusters/main",
            "service_external_ips_config": [
              {
                "enabled": false
              }
            ],
            "services_ipv4_cidr": "10.3.240.0/20",
            "subnetwork": "projects/molten-kit-405213/regions/us-central1/subnetworks/default",
            "timeouts": null,
            "tpu_ipv4_cidr_block": "",
            "vertical_pod_autoscaling": [],
            "workload_identity_config": [
              {
                "workload_pool": "molten-kit-405213.svc.id.goog"
              }
            ]
          },
          "sensitive_attributes": [],
          "private": "eyJlMmJmYjczMC1lY2FhLTExZTYtOGY4OC0zNDM2M2JjN2M0YzAiOnsiY3JlYXRlIjoyNDAwMDAwMDAwMDAwLCJkZWxldGUiOjI0MDAwMDAwMDAwMDAsInJlYWQiOjI0MDAwMDAwMDAwMDAsInVwZGF0ZSI6MzYwMDAwMDAwMDAwMH0sInNjaGVtYV92ZXJzaW9uIjoiMSJ9"
        }
      ]
    },
    {
      "module": "module.gke_cluster",
      "mode": "managed",
      "type": "google_container_node_pool",
      "name": "this",
      "provider": "module.gke_cluster.provider[\"registry.terraform.io/hashicorp/google\"]",
      "instances": [
        {
          "schema_version": 1,
          "attributes": {
            "autoscaling": [],
            "cluster": "main",
            "id": "projects/molten-kit-405213/locations/us-central1-c/clusters/main/nodePools/main",
            "initial_node_count": 2,
            "instance_group_urls": [
              "https://www.googleapis.com/compute/v1/projects/molten-kit-405213/zones/us-central1-c/instanceGroupManagers/gke-main-main-ab630f9d-grp"
            ],
            "location": "us-central1-c",
            "managed_instance_group_urls": [
              "https://www.googleapis.com/compute/v1/projects/molten-kit-405213/zones/us-central1-c/instanceGroups/gke-main-main-ab630f9d-grp"
            ],
            "management": [
              {
                "auto_repair": true,
                "auto_upgrade": true
              }
            ],
            "max_pods_per_node": null,
            "name": "main",
            "name_prefix": "",
            "network_config": [
              {
                "create_pod_range": false,
                "enable_private_nodes": false,
                "pod_ipv4_cidr_block": "",
                "pod_range": ""
              }
            ],
            "node_config": [
              {
                "boot_disk_kms_key": "",
                "disk_size_gb": 100,
                "disk_type": "pd-balanced",
                "gcfs_config": [],
                "guest_accelerator": [],
                "gvnic": [],
                "image_type": "COS_CONTAINERD",
                "kubelet_config": [],
                "labels": {},
                "linux_node_config": [],
                "local_ssd_count": 0,
                "logging_variant": "DEFAULT",
                "machine_type": "g1-small",
                "metadata": {
                  "disable-legacy-endpoints": "true"
                },
                "min_cpu_platform": "",
                "node_group": "",
                "oauth_scopes": [
                  "https://www.googleapis.com/auth/devstorage.read_only",
                  "https://www.googleapis.com/auth/logging.write",
                  "https://www.googleapis.com/auth/monitoring",
                  "https://www.googleapis.com/auth/service.management.readonly",
                  "https://www.googleapis.com/auth/servicecontrol",
                  "https://www.googleapis.com/auth/trace.append"
                ],
                "preemptible": false,
                "reservation_affinity": [],
                "resource_labels": null,
                "service_account": "default",
                "shielded_instance_config": [
                  {
                    "enable_integrity_monitoring": true,
                    "enable_secure_boot": false
                  }
                ],
                "spot": false,
                "tags": null,
                "taint": [],
                "workload_metadata_config": [
                  {
                    "mode": "GKE_METADATA"
                  }
                ]
              }
            ],
            "node_count": 2,
            "node_locations": [
              "us-central1-c"
            ],
            "operation": null,
            "placement_policy": [],
            "project": "molten-kit-405213",
            "timeouts": null,
            "upgrade_settings": [
              {
                "blue_green_settings": [],
                "max_surge": 1,
                "max_unavailable": 0,
                "strategy": "SURGE"
              }
            ],
            "version": "1.27.3-gke.100"
          },
          "sensitive_attributes": [],
          "private": "eyJlMmJmYjczMC1lY2FhLTExZTYtOGY4OC0zNDM2M2JjN2M0YzAiOnsiY3JlYXRlIjoxODAwMDAwMDAwMDAwLCJkZWxldGUiOjE4MDAwMDAwMDAwMDAsInVwZGF0ZSI6MTgwMDAwMDAwMDAwMH0sInNjaGVtYV92ZXJzaW9uIjoiMSJ9",
          "dependencies": [
            "module.gke_cluster.google_container_cluster.this"
          ]
        }
      ]
    },
    {
      "module": "module.gke_cluster",
      "mode": "managed",
      "type": "local_file",
      "name": "kubeconfig",
      "provider": "provider[\"registry.terraform.io/hashicorp/local\"]",
      "instances": [
        {
          "schema_version": 0,
          "attributes": {
            "content": "apiVersion: v1\nclusters:\n- cluster:\n    certificate-authority-data: LS0tLS1CRUdJTiBDRVJUSUZJQ0FURS0tLS0tCk1JSUVMRENDQXBTZ0F3SUJBZ0lRTjVWTEZSc2xHcmUvdjc1ZkRxWGdZekFOQmdrcWhraUc5dzBCQVFzRkFEQXYKTVMwd0t3WURWUVFERXlRek5XSTVZakF3TVMxaVpHTXpMVFJrTkRNdE9XVm1PQzFsTkRjMU56RTFaR0kxT0RFdwpJQmNOTWpRd01UQTNNRGd3T1RBeVdoZ1BNakExTXpFeU16QXdPVEE1TURKYU1DOHhMVEFyQmdOVkJBTVRKRE0xCllqbGlNREF4TFdKa1l6TXROR1EwTXkwNVpXWTRMV1UwTnpVM01UVmtZalU0TVRDQ0FhSXdEUVlKS29aSWh2Y04KQVFFQkJRQURnZ0dQQURDQ0FZb0NnZ0dCQUtOQkQ2UFRRQjIrVmRiMUQ3VFFXR1JnT1Z2QVJsTGFKL0VvZ25sWQpJTTJpM0ZOVDdGT2lZT1AyZmg5L2syV1hHSURQSERLYy94cElScktDdElMVWdFNkhDb3lFUTMvaVQyZW1PdzJpCkVqY3Fhci95Q1F2OXF3RXhITThtQkhGUVFxUWNRWXpEd255aGozZTU1MC9EY2hPUzVtT3BzbkZLUW02SUxWZUMKVHJZcU5FZHU5TFMvTldjREZtK1V4eU1UaVBlT1hyeXdvcldnc0NCaDJxU2NFVlBlem1vcFhaZGNjYXRCczhnQwpLM1dvMjJkVkJsOWdEWWtxaGhhUFNmU2xKaENBdWxQOTA2ZFdUbVhOaXR1cEpzUnBDYXdRcjd4VWNlN085SlpnCkcwNXNLdTBhejNkQ0laYzlpb2wrRjIzSlAxOXZhejJac3l6T00yd3M5TFNuZ3BZcEl1WHU4TnRUU09nV0ZTaTIKeDVqZ0FCZlN1YURsaGRwQklieTkzMXRxRllnQ0lMckdkODZ5dWVmSFAyK0xDcVREVDJ6L2dmNDFCVWI3dzF2NwpVSlMxcDUvQWpZRFV1cTNudW43V3VSOHRBVnVFNDErVjFmcnkrMlpac2RYWXNFcGN2M2ZYdTVSbU50RndoWi9rCmUxemdpUlJrWk9wNm1ERWFWR2tZMmYwT3l3SURBUUFCbzBJd1FEQU9CZ05WSFE4QkFmOEVCQU1DQWdRd0R3WUQKVlIwVEFRSC9CQVV3QXdFQi96QWRCZ05WSFE0RUZnUVU0SkZNN2pzb2M2YU9SKzJ6anUvQzQyQjZFemd3RFFZSgpLb1pJaHZjTkFRRUxCUUFEZ2dHQkFDRDNEQlByd204SFJvRUltZTZWWTRqMjFOTDFmT3Vwd3A1OWhtdFRyT3dtCkxjTXovVlhYYmF0d2ZrZXVucnBmSlkrR0t4R2tWVkIxK2tlNzQ0enhkbXQwMDJ1aUhHREV6T2g3M3paNHdpNlIKeDdGNEV2bGI3OElueDNEL1oxZDN1TUsrK2RyTjFvZVc1UTR4YVV3T25tU3o1ZVNoa3NLMWV4WWRBOHZkbnE4VQpZRkdyZDdla2QxRW43M1VJQVUrVlYrOGRuSk03SzdaNkhTNkkydUg3ZGtydHREZ0VVa2x2ZFVCeDdiWHJUT1NvCldDVzFVSXNxM3R2dHUyN0FUS3ZLZ2hiYTBkcmdkNWcrVDkrRDU5L2hVcjV6S0xIQVFPcTdIUklvSW8yZlhNc08KT1FLYlAzd3IwSzhrc1ZTVm15L0F0enRWYVhwRU4vVVJuNVZ3RDV2U3l5TXhPMDRCVjJRZnZSTjRhUDR2WFU1WApFR2l1eTJ0TVlVOHU1bDFuQkw1VkJibFZsbVZ5OUJJMHliVjhEbUc5c3Z6eE1jVmFveHcrT3A5S3dIbmhQM2FiCk5NN2VqZ0ErTjJxemY0Vm44c3ZHTTFLZEVKaFFTUDZlbitYOWt6RStwZktOU09FblVjQVlxcnJ0RjM0MFdRcjgKTmxIV2k1T3crK3FpWUdpNlh3Z2hRdz09Ci0tLS0tRU5EIENFUlRJRklDQVRFLS0tLS0K\n    server: https://34.67.39.205\n  name: main\ncontexts:\n- context:\n    cluster: main\n    user: main\n  name: main\ncurrent-context: main\nkind: Config\npreferences: {}\nusers:\n- name: main\n  user:\n    token: ya29.a0AfB_byBIlPwzPInezfohpemm_mA9FzRwKPb0Xiq3EsoyciznsnGoT5AcQFL88-_WnNYuaHWxtcuGPLCbjrSgTkOttv2cMwZtDzO_xGUeM3f_zb23gyFkvnAeDngnnCEZyFiLIcJfhl2SfAowRoiZpbA-9KPNl6jQ33_UU9BVGhoAkf9QYSggsBWCZmywR9VaxAR6wCQr0-bv9yVRyqVTyE2aAilnX83GKeaVBtb89SJzSernw77XSYBpZkNKoZ-Oob4_tdmAOsX2z0O_vcaZtO9ZlWTku3x5_8aT1Z4nlafy59ft7LLxn1QYbYg9iTMNKV_XUtDyeIfrOuhMf8hDCTGGqHY3j_lQMHKqdrq0JhoJSY4AiIer_1ng7OBedFnpCiYb2T5LycIFo29orE6JPR7izzeGC-waCgYKAQkSARESFQHGX2Mi7lbjIPt-MQ620VIdTttVYQ0422\n",
            "content_base64": null,
            "content_base64sha256": "fLiKU+4c5M+e43L6gnywUPLnxY75gqCqIAqxNSKXVdI=",
            "content_base64sha512": "M4JeIF9ETc/0JMUmwx3Wa5J14flPJq6LR+NREGbOEq46cNGA5Qs5ijn+qK1+3DIc/Xa89vi5N9ICjzUxkg70ig==",
            "content_md5": "eca8c70fa6f2ac06502e65a2a2d9279a",
            "content_sha1": "ddee241f9240d37128991a55d167312a864aa4c5",
            "content_sha256": "7cb88a53ee1ce4cf9ee372fa827cb050f2e7c58ef982a0aa200ab135229755d2",
            "content_sha512": "33825e205f444dcff424c526c31dd66b9275e1f94f26ae8b47e3511066ce12ae3a70d180e50b398a39fea8ad7edc321cfd76bcf6f8b937d2028f3531920ef48a",
            "directory_permission": "0777",
            "file_permission": "0400",
            "filename": ".terraform/modules/gke_cluster/kubeconfig",
            "id": "ddee241f9240d37128991a55d167312a864aa4c5",
            "sensitive_content": null,
            "source": null
          },
          "sensitive_attributes": [
            [
              {
                "type": "get_attr",
                "value": "content"
              }
            ]
          ],
          "dependencies": [
            "module.gke_cluster.google_container_cluster.this",
            "module.gke_cluster.module.gke_auth.data.google_client_config.provider",
            "module.gke_cluster.module.gke_auth.data.google_container_cluster.gke_cluster"
          ]
        }
      ]
    },
    {
      "module": "module.gke_cluster.module.gke_auth",
      "mode": "data",
      "type": "google_client_config",
      "name": "provider",
      "provider": "module.gke_cluster.provider[\"registry.terraform.io/hashicorp/google\"]",
      "instances": [
        {
          "schema_version": 0,
          "attributes": {
            "access_token": "ya29.a0AfB_byBIlPwzPInezfohpemm_mA9FzRwKPb0Xiq3EsoyciznsnGoT5AcQFL88-_WnNYuaHWxtcuGPLCbjrSgTkOttv2cMwZtDzO_xGUeM3f_zb23gyFkvnAeDngnnCEZyFiLIcJfhl2SfAowRoiZpbA-9KPNl6jQ33_UU9BVGhoAkf9QYSggsBWCZmywR9VaxAR6wCQr0-bv9yVRyqVTyE2aAilnX83GKeaVBtb89SJzSernw77XSYBpZkNKoZ-Oob4_tdmAOsX2z0O_vcaZtO9ZlWTku3x5_8aT1Z4nlafy59ft7LLxn1QYbYg9iTMNKV_XUtDyeIfrOuhMf8hDCTGGqHY3j_lQMHKqdrq0JhoJSY4AiIer_1ng7OBedFnpCiYb2T5LycIFo29orE6JPR7izzeGC-waCgYKAQkSARESFQHGX2Mi7lbjIPt-MQ620VIdTttVYQ0422",
            "id": "projects/molten-kit-405213/regions/us-central1-c/zones/",
            "project": "molten-kit-405213",
            "region": "us-central1-c",
            "zone": ""
          },
          "sensitive_attributes": []
        }
      ]
    },
    {
      "module": "module.gke_cluster.module.gke_auth",
      "mode": "data",
      "type": "google_container_cluster",
      "name": "gke_cluster",
      "provider": "module.gke_cluster.provider[\"registry.terraform.io/hashicorp/google\"]",
      "instances": [
        {
          "schema_version": 0,
          "attributes": {
            "addons_config": [
              {
                "cloudrun_config": [],
                "config_connector_config": [],
                "dns_cache_config": [],
                "gce_persistent_disk_csi_driver_config": [
                  {
                    "enabled": true
                  }
                ],
                "gcp_filestore_csi_driver_config": [],
                "gke_backup_agent_config": [],
                "horizontal_pod_autoscaling": [],
                "http_load_balancing": [],
                "network_policy_config": [
                  {
                    "disabled": true
                  }
                ]
              }
            ],
            "authenticator_groups_config": [],
            "binary_authorization": [
              {
                "enabled": false,
                "evaluation_mode": ""
              }
            ],
            "cluster_autoscaling": [
              {
                "auto_provisioning_defaults": [],
                "enabled": false,
                "resource_limits": []
              }
            ],
            "cluster_ipv4_cidr": "10.0.0.0/14",
            "confidential_nodes": [],
            "cost_management_config": [],
            "database_encryption": [
              {
                "key_name": "",
                "state": "DECRYPTED"
              }
            ],
            "datapath_provider": "",
            "default_max_pods_per_node": null,
            "default_snat_status": [
              {
                "disabled": false
              }
            ],
            "description": "",
            "dns_config": [],
            "enable_autopilot": false,
            "enable_binary_authorization": false,
            "enable_intranode_visibility": false,
            "enable_kubernetes_alpha": false,
            "enable_l4_ilb_subsetting": false,
            "enable_legacy_abac": false,
            "enable_shielded_nodes": true,
            "enable_tpu": false,
            "endpoint": "34.67.39.205",
            "gateway_api_config": [],
            "id": "projects/molten-kit-405213/locations/us-central1-c/clusters/main",
            "initial_node_count": 1,
            "ip_allocation_policy": [],
            "label_fingerprint": "a9dc16a7",
            "location": "us-central1-c",
            "logging_config": [
              {
                "enable_components": [
                  "SYSTEM_COMPONENTS",
                  "WORKLOADS"
                ]
              }
            ],
            "logging_service": "logging.googleapis.com/kubernetes",
            "maintenance_policy": [],
            "master_auth": [
              {
                "client_certificate": "",
                "client_certificate_config": [
                  {
                    "issue_client_certificate": false
                  }
                ],
                "client_key": "",
                "cluster_ca_certificate": "LS0tLS1CRUdJTiBDRVJUSUZJQ0FURS0tLS0tCk1JSUVMRENDQXBTZ0F3SUJBZ0lRTjVWTEZSc2xHcmUvdjc1ZkRxWGdZekFOQmdrcWhraUc5dzBCQVFzRkFEQXYKTVMwd0t3WURWUVFERXlRek5XSTVZakF3TVMxaVpHTXpMVFJrTkRNdE9XVm1PQzFsTkRjMU56RTFaR0kxT0RFdwpJQmNOTWpRd01UQTNNRGd3T1RBeVdoZ1BNakExTXpFeU16QXdPVEE1TURKYU1DOHhMVEFyQmdOVkJBTVRKRE0xCllqbGlNREF4TFdKa1l6TXROR1EwTXkwNVpXWTRMV1UwTnpVM01UVmtZalU0TVRDQ0FhSXdEUVlKS29aSWh2Y04KQVFFQkJRQURnZ0dQQURDQ0FZb0NnZ0dCQUtOQkQ2UFRRQjIrVmRiMUQ3VFFXR1JnT1Z2QVJsTGFKL0VvZ25sWQpJTTJpM0ZOVDdGT2lZT1AyZmg5L2syV1hHSURQSERLYy94cElScktDdElMVWdFNkhDb3lFUTMvaVQyZW1PdzJpCkVqY3Fhci95Q1F2OXF3RXhITThtQkhGUVFxUWNRWXpEd255aGozZTU1MC9EY2hPUzVtT3BzbkZLUW02SUxWZUMKVHJZcU5FZHU5TFMvTldjREZtK1V4eU1UaVBlT1hyeXdvcldnc0NCaDJxU2NFVlBlem1vcFhaZGNjYXRCczhnQwpLM1dvMjJkVkJsOWdEWWtxaGhhUFNmU2xKaENBdWxQOTA2ZFdUbVhOaXR1cEpzUnBDYXdRcjd4VWNlN085SlpnCkcwNXNLdTBhejNkQ0laYzlpb2wrRjIzSlAxOXZhejJac3l6T00yd3M5TFNuZ3BZcEl1WHU4TnRUU09nV0ZTaTIKeDVqZ0FCZlN1YURsaGRwQklieTkzMXRxRllnQ0lMckdkODZ5dWVmSFAyK0xDcVREVDJ6L2dmNDFCVWI3dzF2NwpVSlMxcDUvQWpZRFV1cTNudW43V3VSOHRBVnVFNDErVjFmcnkrMlpac2RYWXNFcGN2M2ZYdTVSbU50RndoWi9rCmUxemdpUlJrWk9wNm1ERWFWR2tZMmYwT3l3SURBUUFCbzBJd1FEQU9CZ05WSFE4QkFmOEVCQU1DQWdRd0R3WUQKVlIwVEFRSC9CQVV3QXdFQi96QWRCZ05WSFE0RUZnUVU0SkZNN2pzb2M2YU9SKzJ6anUvQzQyQjZFemd3RFFZSgpLb1pJaHZjTkFRRUxCUUFEZ2dHQkFDRDNEQlByd204SFJvRUltZTZWWTRqMjFOTDFmT3Vwd3A1OWhtdFRyT3dtCkxjTXovVlhYYmF0d2ZrZXVucnBmSlkrR0t4R2tWVkIxK2tlNzQ0enhkbXQwMDJ1aUhHREV6T2g3M3paNHdpNlIKeDdGNEV2bGI3OElueDNEL1oxZDN1TUsrK2RyTjFvZVc1UTR4YVV3T25tU3o1ZVNoa3NLMWV4WWRBOHZkbnE4VQpZRkdyZDdla2QxRW43M1VJQVUrVlYrOGRuSk03SzdaNkhTNkkydUg3ZGtydHREZ0VVa2x2ZFVCeDdiWHJUT1NvCldDVzFVSXNxM3R2dHUyN0FUS3ZLZ2hiYTBkcmdkNWcrVDkrRDU5L2hVcjV6S0xIQVFPcTdIUklvSW8yZlhNc08KT1FLYlAzd3IwSzhrc1ZTVm15L0F0enRWYVhwRU4vVVJuNVZ3RDV2U3l5TXhPMDRCVjJRZnZSTjRhUDR2WFU1WApFR2l1eTJ0TVlVOHU1bDFuQkw1VkJibFZsbVZ5OUJJMHliVjhEbUc5c3Z6eE1jVmFveHcrT3A5S3dIbmhQM2FiCk5NN2VqZ0ErTjJxemY0Vm44c3ZHTTFLZEVKaFFTUDZlbitYOWt6RStwZktOU09FblVjQVlxcnJ0RjM0MFdRcjgKTmxIV2k1T3crK3FpWUdpNlh3Z2hRdz09Ci0tLS0tRU5EIENFUlRJRklDQVRFLS0tLS0K"
              }
            ],
            "master_authorized_networks_config": [],
            "master_version": "1.27.3-gke.100",
            "mesh_certificates": [],
            "min_master_version": null,
            "monitoring_config": [
              {
                "enable_components": [
                  "SYSTEM_COMPONENTS"
                ],
                "managed_prometheus": [
                  {
                    "enabled": true
                  }
                ]
              }
            ],
            "monitoring_service": "monitoring.googleapis.com/kubernetes",
            "name": "main",
            "network": "projects/molten-kit-405213/global/networks/default",
            "network_policy": [
              {
                "enabled": false,
                "provider": "PROVIDER_UNSPECIFIED"
              }
            ],
            "networking_mode": "ROUTES",
            "node_config": [],
            "node_locations": [],
            "node_pool": [],
            "node_pool_defaults": [
              {
                "node_config_defaults": [
                  {
                    "logging_variant": "DEFAULT"
                  }
                ]
              }
            ],
            "node_version": "1.27.3-gke.100",
            "notification_config": [
              {
                "pubsub": [
                  {
                    "enabled": false,
                    "filter": [],
                    "topic": ""
                  }
                ]
              }
            ],
            "operation": null,
            "private_cluster_config": [
              {
                "enable_private_endpoint": false,
                "enable_private_nodes": false,
                "master_global_access_config": [
                  {
                    "enabled": false
                  }
                ],
                "master_ipv4_cidr_block": "",
                "peering_name": "",
                "private_endpoint": "10.128.0.22",
                "private_endpoint_subnetwork": "",
                "public_endpoint": "34.67.39.205"
              }
            ],
            "private_ipv6_google_access": "",
            "project": "molten-kit-405213",
            "release_channel": [
              {
                "channel": "REGULAR"
              }
            ],
            "remove_default_node_pool": null,
            "resource_labels": {},
            "resource_usage_export_config": [],
            "self_link": "https://container.googleapis.com/v1/projects/molten-kit-405213/zones/us-central1-c/clusters/main",
            "service_external_ips_config": [
              {
                "enabled": false
              }
            ],
            "services_ipv4_cidr": "10.3.240.0/20",
            "subnetwork": "projects/molten-kit-405213/regions/us-central1/subnetworks/default",
            "tpu_ipv4_cidr_block": "",
            "vertical_pod_autoscaling": [],
            "workload_identity_config": [
              {
                "workload_pool": "molten-kit-405213.svc.id.goog"
              }
            ]
          },
          "sensitive_attributes": []
        }
      ]
    },
    {
      "module": "module.tls_private_key",
      "mode": "managed",
      "type": "tls_private_key",
      "name": "this",
      "provider": "provider[\"registry.terraform.io/hashicorp/tls\"]",
      "instances": [
        {
          "schema_version": 1,
          "attributes": {
            "algorithm": "RSA",
            "ecdsa_curve": "P256",
            "id": "d93c96a795a39236bec3e1f1c857ab0199156e78",
            "private_key_openssh": "-----BEGIN OPENSSH PRIVATE KEY-----\nb3BlbnNzaC1rZXktdjEAAAAABG5vbmUAAAAEbm9uZQAAAAAAAAABAAABFwAAAAdz\nc2gtcnNhAAAAAwEAAQAAAQEA6CWVqQGo46BEyQcVOsI6TIQn9BX1pQWuA7AlR3ZJ\n05h+mUWSBGzMz8ALtxXFxi0QWIRkdGyZsdR24O93PLUakFC653Uug6GzzcLPkxQN\nJMxy/y6tmQL0WV2NAhZxspOIMtuinAHtKxRvQavqW9GGgDF2pfhI4v7kqQWBt2t9\nXoKH1OrmOAnO84XIv6SFZGlBXMX3bo6rebTOMU1aNFv1iIKReMZie+6egbW39egS\nbFbBBJunBxqwZs77Lqd0ThWoTD8v/+zvFJejkd5WlSEOAYyWFNui6HXA1OXebT50\nd5CssvpF9WQQ7xlxVgteAu7p91DyicSidONtOMZ8CeSSYQAAA7gw7TF9MO0xfQAA\nAAdzc2gtcnNhAAABAQDoJZWpAajjoETJBxU6wjpMhCf0FfWlBa4DsCVHdknTmH6Z\nRZIEbMzPwAu3FcXGLRBYhGR0bJmx1Hbg73c8tRqQULrndS6DobPNws+TFA0kzHL/\nLq2ZAvRZXY0CFnGyk4gy26KcAe0rFG9Bq+pb0YaAMXal+Eji/uSpBYG3a31egofU\n6uY4Cc7zhci/pIVkaUFcxfdujqt5tM4xTVo0W/WIgpF4xmJ77p6Btbf16BJsVsEE\nm6cHGrBmzvsup3ROFahMPy//7O8Ul6OR3laVIQ4BjJYU26LodcDU5d5tPnR3kKyy\n+kX1ZBDvGXFWC14C7un3UPKJxKJ04204xnwJ5JJhAAAAAwEAAQAAAQEAmG+lmHao\nid/BiyeFfzHuyjO1cIfC53uVSoKt2AEKdVEbQFX4jcNLsddvWeeIGJuasiUtOW3e\ndnEHJqjX6RsauEzqjfXad0EFKkWTvAZcox9FG99wypqwDMZrQ0Wtnw9VTd//JOX2\n8GTYsYzLtUMeSKsyN8WTRssNJxegl+qTRiy8D34ap758VpSj27V3dxviVfVdYPdn\nzXPU21M622s/ikPrksBQfKk6Z6L703c8GaY7xULGKSgrp9q+7mXFS3BAhZS5xUdG\nFUQjBBurTczpJemaAmZfDNClEH0NflCm9GxvnF4+tQ09hzOJxxty+7v7zZmGoP6e\n5dBlUAeG4I9b6QAAAIBijIMZMHV469aDwtkW5s0cP6dEoen19DDg7uWjaZ0K6U48\nlBQKQpF8DMYhyyiHj92KLkK2IUjPQvGTgf0AN+QEi6oWmZTzvlXJDJoudq3A5og4\n8urIWUbXUyvOcMCBsBQzBiYuGT5D0DQnEpmuJuXzEQ3241gDh87aFQirtey0ZgAA\nAIEA8oin+r8xv9rA1K+HZXFQ89R3btTHDye/IzadVxbJ0v2/5TdzebMt1ZaqJtiL\nua9lfT24jRTxycJaPCvZGrZbZBLLQ8nPGx8IzrMo3t87hdlQ62FzIbhSc1RhYj/v\npP42TXm26OJMA0bjgSrSPpEn9hwaQimA3+OgopaVg18pl/8AAACBAPUJSfxwWq6Q\nwCHax+5kjdSSH8GcpHLgNYtKBSBVA0yFAVacywUSIIe23beBZq0iV+uhfWR5BEmL\n9+yPWQ29DY/GZVofAVZLOyRwf2KAFSb2BVfMbTIP6MFpzeq+rvJ4ZJd+kT0ZHUv2\nRrU5dQzjm3tJ77f2raAP1+WmgU9saNWfAAAAAAEC\n-----END OPENSSH PRIVATE KEY-----\n",
            "private_key_pem": "-----BEGIN RSA PRIVATE KEY-----\nMIIEoQIBAAKCAQEA6CWVqQGo46BEyQcVOsI6TIQn9BX1pQWuA7AlR3ZJ05h+mUWS\nBGzMz8ALtxXFxi0QWIRkdGyZsdR24O93PLUakFC653Uug6GzzcLPkxQNJMxy/y6t\nmQL0WV2NAhZxspOIMtuinAHtKxRvQavqW9GGgDF2pfhI4v7kqQWBt2t9XoKH1Orm\nOAnO84XIv6SFZGlBXMX3bo6rebTOMU1aNFv1iIKReMZie+6egbW39egSbFbBBJun\nBxqwZs77Lqd0ThWoTD8v/+zvFJejkd5WlSEOAYyWFNui6HXA1OXebT50d5CssvpF\n9WQQ7xlxVgteAu7p91DyicSidONtOMZ8CeSSYQIDAQABAoIBAQCYb6WYdqiJ38GL\nJ4V/Me7KM7Vwh8Lne5VKgq3YAQp1URtAVfiNw0ux129Z54gYm5qyJS05bd52cQcm\nqNfpGxq4TOqN9dp3QQUqRZO8BlyjH0Ub33DKmrAMxmtDRa2fD1VN3/8k5fbwZNix\njMu1Qx5IqzI3xZNGyw0nF6CX6pNGLLwPfhqnvnxWlKPbtXd3G+JV9V1g92fNc9Tb\nUzrbaz+KQ+uSwFB8qTpnovvTdzwZpjvFQsYpKCun2r7uZcVLcECFlLnFR0YVRCME\nG6tNzOkl6ZoCZl8M0KUQfQ1+UKb0bG+cXj61DT2HM4nHG3L7u/vNmYag/p7l0GVQ\nB4bgj1vpAoGBAPKIp/q/Mb/awNSvh2VxUPPUd27Uxw8nvyM2nVcWydL9v+U3c3mz\nLdWWqibYi7mvZX09uI0U8cnCWjwr2Rq2W2QSy0PJzxsfCM6zKN7fO4XZUOthcyG4\nUnNUYWI/76T+Nk15tujiTANG44Eq0j6RJ/YcGkIpgN/joKKWlYNfKZf/AoGBAPUJ\nSfxwWq6QwCHax+5kjdSSH8GcpHLgNYtKBSBVA0yFAVacywUSIIe23beBZq0iV+uh\nfWR5BEmL9+yPWQ29DY/GZVofAVZLOyRwf2KAFSb2BVfMbTIP6MFpzeq+rvJ4ZJd+\nkT0ZHUv2RrU5dQzjm3tJ77f2raAP1+WmgU9saNWfAoGAa9EQS8nfBdjrTCFT4WbE\nhAB5r41riHM05ySKQYLh6afgPLev3/QldgPqVCaDxuIQDeL4Pc+HxRdfIcykUNms\nOwqXzeTS6s2bDrhafOlj/pajAGBr3Buim55xREoD8KcJ4Nsw0sp23CYRUQSGPkYt\nK51Glw74OY9pg53JjYMqbGUCf2GhUdlC6t6izeqvQPm7FsebcQuzXdJngu38kA5R\n0P6r/9yCnGFo1407TxvOcxqIlH9N2Kgvj4W+PwoCE3ll2gFvCvLdZ6r6TpY2PIsC\nfWsImxhgWyGXNSXbAjCFyS7SyUGTLEsrtoCNn56VRg3cohZ9XwXtQ0CDD4Jw1RTQ\nHPUCgYBijIMZMHV469aDwtkW5s0cP6dEoen19DDg7uWjaZ0K6U48lBQKQpF8DMYh\nyyiHj92KLkK2IUjPQvGTgf0AN+QEi6oWmZTzvlXJDJoudq3A5og48urIWUbXUyvO\ncMCBsBQzBiYuGT5D0DQnEpmuJuXzEQ3241gDh87aFQirtey0Zg==\n-----END RSA PRIVATE KEY-----\n",
            "private_key_pem_pkcs8": "-----BEGIN PRIVATE KEY-----\nMIIEuwIBADANBgkqhkiG9w0BAQEFAASCBKUwggShAgEAAoIBAQDoJZWpAajjoETJ\nBxU6wjpMhCf0FfWlBa4DsCVHdknTmH6ZRZIEbMzPwAu3FcXGLRBYhGR0bJmx1Hbg\n73c8tRqQULrndS6DobPNws+TFA0kzHL/Lq2ZAvRZXY0CFnGyk4gy26KcAe0rFG9B\nq+pb0YaAMXal+Eji/uSpBYG3a31egofU6uY4Cc7zhci/pIVkaUFcxfdujqt5tM4x\nTVo0W/WIgpF4xmJ77p6Btbf16BJsVsEEm6cHGrBmzvsup3ROFahMPy//7O8Ul6OR\n3laVIQ4BjJYU26LodcDU5d5tPnR3kKyy+kX1ZBDvGXFWC14C7un3UPKJxKJ04204\nxnwJ5JJhAgMBAAECggEBAJhvpZh2qInfwYsnhX8x7soztXCHwud7lUqCrdgBCnVR\nG0BV+I3DS7HXb1nniBibmrIlLTlt3nZxByao1+kbGrhM6o312ndBBSpFk7wGXKMf\nRRvfcMqasAzGa0NFrZ8PVU3f/yTl9vBk2LGMy7VDHkirMjfFk0bLDScXoJfqk0Ys\nvA9+Gqe+fFaUo9u1d3cb4lX1XWD3Z81z1NtTOttrP4pD65LAUHypOmei+9N3PBmm\nO8VCxikoK6favu5lxUtwQIWUucVHRhVEIwQbq03M6SXpmgJmXwzQpRB9DX5QpvRs\nb5xePrUNPYcziccbcvu7+82ZhqD+nuXQZVAHhuCPW+kCgYEA8oin+r8xv9rA1K+H\nZXFQ89R3btTHDye/IzadVxbJ0v2/5TdzebMt1ZaqJtiLua9lfT24jRTxycJaPCvZ\nGrZbZBLLQ8nPGx8IzrMo3t87hdlQ62FzIbhSc1RhYj/vpP42TXm26OJMA0bjgSrS\nPpEn9hwaQimA3+OgopaVg18pl/8CgYEA9QlJ/HBarpDAIdrH7mSN1JIfwZykcuA1\ni0oFIFUDTIUBVpzLBRIgh7bdt4FmrSJX66F9ZHkESYv37I9ZDb0Nj8ZlWh8BVks7\nJHB/YoAVJvYFV8xtMg/owWnN6r6u8nhkl36RPRkdS/ZGtTl1DOObe0nvt/atoA/X\n5aaBT2xo1Z8CgYBr0RBLyd8F2OtMIVPhZsSEAHmvjWuIczTnJIpBguHpp+A8t6/f\n9CV2A+pUJoPG4hAN4vg9z4fFF18hzKRQ2aw7CpfN5NLqzZsOuFp86WP+lqMAYGvc\nG6KbnnFESgPwpwng2zDSynbcJhFRBIY+Ri0rnUaXDvg5j2mDncmNgypsZQJ/YaFR\n2ULq3qLN6q9A+bsWx5txC7Nd0meC7fyQDlHQ/qv/3IKcYWjXjTtPG85zGoiUf03Y\nqC+Phb4/CgITeWXaAW8K8t1nqvpOljY8iwJ9awibGGBbIZc1JdsCMIXJLtLJQZMs\nSyu2gI2fnpVGDdyiFn1fBe1DQIMPgnDVFNAc9QKBgGKMgxkwdXjr1oPC2RbmzRw/\np0Sh6fX0MODu5aNpnQrpTjyUFApCkXwMxiHLKIeP3YouQrYhSM9C8ZOB/QA35ASL\nqhaZlPO+VckMmi52rcDmiDjy6shZRtdTK85wwIGwFDMGJi4ZPkPQNCcSma4m5fMR\nDfbjWAOHztoVCKu17LRm\n-----END PRIVATE KEY-----\n",
            "public_key_fingerprint_md5": "4f:01:1c:c3:29:01:6c:3e:ed:88:7f:6e:63:56:fd:39",
            "public_key_fingerprint_sha256": "SHA256:pmw9z93HJN6ZU+U2Slr6Lydq9zBZnPw4HZyprHS2X1c",
            "public_key_openssh": "ssh-rsa AAAAB3NzaC1yc2EAAAADAQABAAABAQDoJZWpAajjoETJBxU6wjpMhCf0FfWlBa4DsCVHdknTmH6ZRZIEbMzPwAu3FcXGLRBYhGR0bJmx1Hbg73c8tRqQULrndS6DobPNws+TFA0kzHL/Lq2ZAvRZXY0CFnGyk4gy26KcAe0rFG9Bq+pb0YaAMXal+Eji/uSpBYG3a31egofU6uY4Cc7zhci/pIVkaUFcxfdujqt5tM4xTVo0W/WIgpF4xmJ77p6Btbf16BJsVsEEm6cHGrBmzvsup3ROFahMPy//7O8Ul6OR3laVIQ4BjJYU26LodcDU5d5tPnR3kKyy+kX1ZBDvGXFWC14C7un3UPKJxKJ04204xnwJ5JJh\n",
            "public_key_pem": "-----BEGIN PUBLIC KEY-----\nMIIBIjANBgkqhkiG9w0BAQEFAAOCAQ8AMIIBCgKCAQEA6CWVqQGo46BEyQcVOsI6\nTIQn9BX1pQWuA7AlR3ZJ05h+mUWSBGzMz8ALtxXFxi0QWIRkdGyZsdR24O93PLUa\nkFC653Uug6GzzcLPkxQNJMxy/y6tmQL0WV2NAhZxspOIMtuinAHtKxRvQavqW9GG\ngDF2pfhI4v7kqQWBt2t9XoKH1OrmOAnO84XIv6SFZGlBXMX3bo6rebTOMU1aNFv1\niIKReMZie+6egbW39egSbFbBBJunBxqwZs77Lqd0ThWoTD8v/+zvFJejkd5WlSEO\nAYyWFNui6HXA1OXebT50d5CssvpF9WQQ7xlxVgteAu7p91DyicSidONtOMZ8CeSS\nYQIDAQAB\n-----END PUBLIC KEY-----\n",
            "rsa_bits": 2048
          },
          "sensitive_attributes": []
        }
      ]
    }
  ],
  "check_results": null
}
